// !$*UTF8*$!
{
	archiveVersion = 1;
	classes = {
	};
	objectVersion = 51;
	objects = {

/* Begin PBXBuildFile section */
		C413C109262A3BEB0045EB64 /* AppDelegate.swift in Sources */ = {isa = PBXBuildFile; fileRef = C413C108262A3BEB0045EB64 /* AppDelegate.swift */; };
		C413C10B262A3BEB0045EB64 /* SceneDelegate.swift in Sources */ = {isa = PBXBuildFile; fileRef = C413C10A262A3BEB0045EB64 /* SceneDelegate.swift */; };
		C413C10D262A3BEB0045EB64 /* LandingPageVC.swift in Sources */ = {isa = PBXBuildFile; fileRef = C413C10C262A3BEB0045EB64 /* LandingPageVC.swift */; };
		C413C110262A3BEB0045EB64 /* Main.storyboard in Resources */ = {isa = PBXBuildFile; fileRef = C413C10E262A3BEB0045EB64 /* Main.storyboard */; };
		C413C113262A3BEB0045EB64 /* Pebbles.xcdatamodeld in Sources */ = {isa = PBXBuildFile; fileRef = C413C111262A3BEB0045EB64 /* Pebbles.xcdatamodeld */; };
		C413C115262A3BED0045EB64 /* Assets.xcassets in Resources */ = {isa = PBXBuildFile; fileRef = C413C114262A3BED0045EB64 /* Assets.xcassets */; };
		C413C118262A3BED0045EB64 /* LaunchScreen.storyboard in Resources */ = {isa = PBXBuildFile; fileRef = C413C116262A3BED0045EB64 /* LaunchScreen.storyboard */; };
		C413C123262A3BED0045EB64 /* PebblesTests.swift in Sources */ = {isa = PBXBuildFile; fileRef = C413C122262A3BED0045EB64 /* PebblesTests.swift */; };
		C413C12E262A3BED0045EB64 /* PebblesUITests.swift in Sources */ = {isa = PBXBuildFile; fileRef = C413C12D262A3BED0045EB64 /* PebblesUITests.swift */; };
		C413C14D262A3D730045EB64 /* LandingPageView.swift in Sources */ = {isa = PBXBuildFile; fileRef = C413C14C262A3D730045EB64 /* LandingPageView.swift */; };
		C413C155262A3D9E0045EB64 /* LandingPageVM.swift in Sources */ = {isa = PBXBuildFile; fileRef = C413C154262A3D9E0045EB64 /* LandingPageVM.swift */; };
		C413C15F262A4BB20045EB64 /* SpacerSectionController.swift in Sources */ = {isa = PBXBuildFile; fileRef = C413C15E262A4BB20045EB64 /* SpacerSectionController.swift */; };
		C413C169262A4C260045EB64 /* SpacerSectionControllerModel.swift in Sources */ = {isa = PBXBuildFile; fileRef = C413C168262A4C260045EB64 /* SpacerSectionControllerModel.swift */; };
		C413C171262A4C4B0045EB64 /* SpacerSectionCell.swift in Sources */ = {isa = PBXBuildFile; fileRef = C413C170262A4C4B0045EB64 /* SpacerSectionCell.swift */; };
		C4453356262A5E490089FDFD /* ConnectingLineControllerModel.swift in Sources */ = {isa = PBXBuildFile; fileRef = C4453355262A5E490089FDFD /* ConnectingLineControllerModel.swift */; };
		C445335F262A5E610089FDFD /* ConnectingLineController.swift in Sources */ = {isa = PBXBuildFile; fileRef = C445335E262A5E610089FDFD /* ConnectingLineController.swift */; };
		C4453364262A5E6D0089FDFD /* ConnectingLineCell.swift in Sources */ = {isa = PBXBuildFile; fileRef = C4453363262A5E6D0089FDFD /* ConnectingLineCell.swift */; };
		C4453369262A5F2B0089FDFD /* UICollectionView+Helpers.swift in Sources */ = {isa = PBXBuildFile; fileRef = C4453368262A5F2B0089FDFD /* UICollectionView+Helpers.swift */; };
		C4453371262AE0800089FDFD /* LPHeaderView.swift in Sources */ = {isa = PBXBuildFile; fileRef = C4453370262AE0800089FDFD /* LPHeaderView.swift */; };
		C58A36F2D159561F0FBB4DD4 /* Pods_Pebbles.framework in Frameworks */ = {isa = PBXBuildFile; fileRef = 96FF8AD72A2BFBD41A359C1E /* Pods_Pebbles.framework */; };
		CA6722791C4D55140E5B2909 /* Pods_Pebbles_PebblesUITests.framework in Frameworks */ = {isa = PBXBuildFile; fileRef = CF59A4FC94EA11A2D5E680A7 /* Pods_Pebbles_PebblesUITests.framework */; };
		CD30F963401DEE35F5B9AF1F /* Pods_PebblesTests.framework in Frameworks */ = {isa = PBXBuildFile; fileRef = 434E2EE3D4E654A014AD689B /* Pods_PebblesTests.framework */; };
/* End PBXBuildFile section */

/* Begin PBXContainerItemProxy section */
		C413C11F262A3BED0045EB64 /* PBXContainerItemProxy */ = {
			isa = PBXContainerItemProxy;
			containerPortal = C413C0FD262A3BEB0045EB64 /* Project object */;
			proxyType = 1;
			remoteGlobalIDString = C413C104262A3BEB0045EB64;
			remoteInfo = Pebbles;
		};
		C413C12A262A3BED0045EB64 /* PBXContainerItemProxy */ = {
			isa = PBXContainerItemProxy;
			containerPortal = C413C0FD262A3BEB0045EB64 /* Project object */;
			proxyType = 1;
			remoteGlobalIDString = C413C104262A3BEB0045EB64;
			remoteInfo = Pebbles;
		};
/* End PBXContainerItemProxy section */

/* Begin PBXFileReference section */
		0DF139D8EC0A06CF5BC0C9BF /* Pods-Pebbles-PebblesUITests.release.xcconfig */ = {isa = PBXFileReference; includeInIndex = 1; lastKnownFileType = text.xcconfig; name = "Pods-Pebbles-PebblesUITests.release.xcconfig"; path = "Target Support Files/Pods-Pebbles-PebblesUITests/Pods-Pebbles-PebblesUITests.release.xcconfig"; sourceTree = "<group>"; };
		1D449B1102BDB5A3AE8288F3 /* Pods-Pebbles-PebblesUITests.debug.xcconfig */ = {isa = PBXFileReference; includeInIndex = 1; lastKnownFileType = text.xcconfig; name = "Pods-Pebbles-PebblesUITests.debug.xcconfig"; path = "Target Support Files/Pods-Pebbles-PebblesUITests/Pods-Pebbles-PebblesUITests.debug.xcconfig"; sourceTree = "<group>"; };
		434E2EE3D4E654A014AD689B /* Pods_PebblesTests.framework */ = {isa = PBXFileReference; explicitFileType = wrapper.framework; includeInIndex = 0; path = Pods_PebblesTests.framework; sourceTree = BUILT_PRODUCTS_DIR; };
		46A6760F4505DD98D81B4C65 /* Pods-PebblesTests.debug.xcconfig */ = {isa = PBXFileReference; includeInIndex = 1; lastKnownFileType = text.xcconfig; name = "Pods-PebblesTests.debug.xcconfig"; path = "Target Support Files/Pods-PebblesTests/Pods-PebblesTests.debug.xcconfig"; sourceTree = "<group>"; };
		8B083D6EA0B7F479443599E9 /* Pods-PebblesTests.release.xcconfig */ = {isa = PBXFileReference; includeInIndex = 1; lastKnownFileType = text.xcconfig; name = "Pods-PebblesTests.release.xcconfig"; path = "Target Support Files/Pods-PebblesTests/Pods-PebblesTests.release.xcconfig"; sourceTree = "<group>"; };
		8F24976511D64C39DFBE410B /* Pods-Pebbles.release.xcconfig */ = {isa = PBXFileReference; includeInIndex = 1; lastKnownFileType = text.xcconfig; name = "Pods-Pebbles.release.xcconfig"; path = "Target Support Files/Pods-Pebbles/Pods-Pebbles.release.xcconfig"; sourceTree = "<group>"; };
		96FF8AD72A2BFBD41A359C1E /* Pods_Pebbles.framework */ = {isa = PBXFileReference; explicitFileType = wrapper.framework; includeInIndex = 0; path = Pods_Pebbles.framework; sourceTree = BUILT_PRODUCTS_DIR; };
		B497A7C57D7CCF61938999C7 /* Pods-Pebbles.debug.xcconfig */ = {isa = PBXFileReference; includeInIndex = 1; lastKnownFileType = text.xcconfig; name = "Pods-Pebbles.debug.xcconfig"; path = "Target Support Files/Pods-Pebbles/Pods-Pebbles.debug.xcconfig"; sourceTree = "<group>"; };
		C413C105262A3BEB0045EB64 /* Pebbles.app */ = {isa = PBXFileReference; explicitFileType = wrapper.application; includeInIndex = 0; path = Pebbles.app; sourceTree = BUILT_PRODUCTS_DIR; };
		C413C108262A3BEB0045EB64 /* AppDelegate.swift */ = {isa = PBXFileReference; lastKnownFileType = sourcecode.swift; path = AppDelegate.swift; sourceTree = "<group>"; };
		C413C10A262A3BEB0045EB64 /* SceneDelegate.swift */ = {isa = PBXFileReference; lastKnownFileType = sourcecode.swift; path = SceneDelegate.swift; sourceTree = "<group>"; };
		C413C10C262A3BEB0045EB64 /* LandingPageVC.swift */ = {isa = PBXFileReference; lastKnownFileType = sourcecode.swift; path = LandingPageVC.swift; sourceTree = "<group>"; };
		C413C10F262A3BEB0045EB64 /* Base */ = {isa = PBXFileReference; lastKnownFileType = file.storyboard; name = Base; path = Base.lproj/Main.storyboard; sourceTree = "<group>"; };
		C413C112262A3BEB0045EB64 /* Pebbles.xcdatamodel */ = {isa = PBXFileReference; lastKnownFileType = wrapper.xcdatamodel; path = Pebbles.xcdatamodel; sourceTree = "<group>"; };
		C413C114262A3BED0045EB64 /* Assets.xcassets */ = {isa = PBXFileReference; lastKnownFileType = folder.assetcatalog; path = Assets.xcassets; sourceTree = "<group>"; };
		C413C117262A3BED0045EB64 /* Base */ = {isa = PBXFileReference; lastKnownFileType = file.storyboard; name = Base; path = Base.lproj/LaunchScreen.storyboard; sourceTree = "<group>"; };
		C413C119262A3BED0045EB64 /* Info.plist */ = {isa = PBXFileReference; lastKnownFileType = text.plist.xml; path = Info.plist; sourceTree = "<group>"; };
		C413C11E262A3BED0045EB64 /* PebblesTests.xctest */ = {isa = PBXFileReference; explicitFileType = wrapper.cfbundle; includeInIndex = 0; path = PebblesTests.xctest; sourceTree = BUILT_PRODUCTS_DIR; };
		C413C122262A3BED0045EB64 /* PebblesTests.swift */ = {isa = PBXFileReference; lastKnownFileType = sourcecode.swift; path = PebblesTests.swift; sourceTree = "<group>"; };
		C413C124262A3BED0045EB64 /* Info.plist */ = {isa = PBXFileReference; lastKnownFileType = text.plist.xml; path = Info.plist; sourceTree = "<group>"; };
		C413C129262A3BED0045EB64 /* PebblesUITests.xctest */ = {isa = PBXFileReference; explicitFileType = wrapper.cfbundle; includeInIndex = 0; path = PebblesUITests.xctest; sourceTree = BUILT_PRODUCTS_DIR; };
		C413C12D262A3BED0045EB64 /* PebblesUITests.swift */ = {isa = PBXFileReference; lastKnownFileType = sourcecode.swift; path = PebblesUITests.swift; sourceTree = "<group>"; };
		C413C12F262A3BED0045EB64 /* Info.plist */ = {isa = PBXFileReference; lastKnownFileType = text.plist.xml; path = Info.plist; sourceTree = "<group>"; };
		C413C14C262A3D730045EB64 /* LandingPageView.swift */ = {isa = PBXFileReference; lastKnownFileType = sourcecode.swift; path = LandingPageView.swift; sourceTree = "<group>"; };
		C413C154262A3D9E0045EB64 /* LandingPageVM.swift */ = {isa = PBXFileReference; lastKnownFileType = sourcecode.swift; path = LandingPageVM.swift; sourceTree = "<group>"; };
		C413C15E262A4BB20045EB64 /* SpacerSectionController.swift */ = {isa = PBXFileReference; lastKnownFileType = sourcecode.swift; path = SpacerSectionController.swift; sourceTree = "<group>"; };
		C413C168262A4C260045EB64 /* SpacerSectionControllerModel.swift */ = {isa = PBXFileReference; lastKnownFileType = sourcecode.swift; path = SpacerSectionControllerModel.swift; sourceTree = "<group>"; };
		C413C170262A4C4B0045EB64 /* SpacerSectionCell.swift */ = {isa = PBXFileReference; lastKnownFileType = sourcecode.swift; path = SpacerSectionCell.swift; sourceTree = "<group>"; };
		C4453355262A5E490089FDFD /* ConnectingLineControllerModel.swift */ = {isa = PBXFileReference; lastKnownFileType = sourcecode.swift; path = ConnectingLineControllerModel.swift; sourceTree = "<group>"; };
		C445335E262A5E610089FDFD /* ConnectingLineController.swift */ = {isa = PBXFileReference; lastKnownFileType = sourcecode.swift; path = ConnectingLineController.swift; sourceTree = "<group>"; };
		C4453363262A5E6D0089FDFD /* ConnectingLineCell.swift */ = {isa = PBXFileReference; lastKnownFileType = sourcecode.swift; path = ConnectingLineCell.swift; sourceTree = "<group>"; };
		C4453368262A5F2B0089FDFD /* UICollectionView+Helpers.swift */ = {isa = PBXFileReference; lastKnownFileType = sourcecode.swift; path = "UICollectionView+Helpers.swift"; sourceTree = "<group>"; };
		C4453370262AE0800089FDFD /* LPHeaderView.swift */ = {isa = PBXFileReference; lastKnownFileType = sourcecode.swift; path = LPHeaderView.swift; sourceTree = "<group>"; };
		CF59A4FC94EA11A2D5E680A7 /* Pods_Pebbles_PebblesUITests.framework */ = {isa = PBXFileReference; explicitFileType = wrapper.framework; includeInIndex = 0; path = Pods_Pebbles_PebblesUITests.framework; sourceTree = BUILT_PRODUCTS_DIR; };
/* End PBXFileReference section */

/* Begin PBXFrameworksBuildPhase section */
		C413C102262A3BEB0045EB64 /* Frameworks */ = {
			isa = PBXFrameworksBuildPhase;
			buildActionMask = 2147483647;
			files = (
				C58A36F2D159561F0FBB4DD4 /* Pods_Pebbles.framework in Frameworks */,
			);
			runOnlyForDeploymentPostprocessing = 0;
		};
		C413C11B262A3BED0045EB64 /* Frameworks */ = {
			isa = PBXFrameworksBuildPhase;
			buildActionMask = 2147483647;
			files = (
				CD30F963401DEE35F5B9AF1F /* Pods_PebblesTests.framework in Frameworks */,
			);
			runOnlyForDeploymentPostprocessing = 0;
		};
		C413C126262A3BED0045EB64 /* Frameworks */ = {
			isa = PBXFrameworksBuildPhase;
			buildActionMask = 2147483647;
			files = (
				CA6722791C4D55140E5B2909 /* Pods_Pebbles_PebblesUITests.framework in Frameworks */,
			);
			runOnlyForDeploymentPostprocessing = 0;
		};
/* End PBXFrameworksBuildPhase section */

/* Begin PBXGroup section */
		3D5C32F672C31E7DCED2BBC1 /* Pods */ = {
			isa = PBXGroup;
			children = (
				B497A7C57D7CCF61938999C7 /* Pods-Pebbles.debug.xcconfig */,
				8F24976511D64C39DFBE410B /* Pods-Pebbles.release.xcconfig */,
				1D449B1102BDB5A3AE8288F3 /* Pods-Pebbles-PebblesUITests.debug.xcconfig */,
				0DF139D8EC0A06CF5BC0C9BF /* Pods-Pebbles-PebblesUITests.release.xcconfig */,
				46A6760F4505DD98D81B4C65 /* Pods-PebblesTests.debug.xcconfig */,
				8B083D6EA0B7F479443599E9 /* Pods-PebblesTests.release.xcconfig */,
			);
			path = Pods;
			sourceTree = "<group>";
		};
		BC0A5B7395952DE78FD0352B /* Frameworks */ = {
			isa = PBXGroup;
			children = (
				96FF8AD72A2BFBD41A359C1E /* Pods_Pebbles.framework */,
				CF59A4FC94EA11A2D5E680A7 /* Pods_Pebbles_PebblesUITests.framework */,
				434E2EE3D4E654A014AD689B /* Pods_PebblesTests.framework */,
			);
			name = Frameworks;
			sourceTree = "<group>";
		};
		C413C0FC262A3BEB0045EB64 = {
			isa = PBXGroup;
			children = (
				C413C107262A3BEB0045EB64 /* Pebbles */,
				C413C121262A3BED0045EB64 /* PebblesTests */,
				C413C12C262A3BED0045EB64 /* PebblesUITests */,
				C413C106262A3BEB0045EB64 /* Products */,
				3D5C32F672C31E7DCED2BBC1 /* Pods */,
				BC0A5B7395952DE78FD0352B /* Frameworks */,
			);
			sourceTree = "<group>";
		};
		C413C106262A3BEB0045EB64 /* Products */ = {
			isa = PBXGroup;
			children = (
				C413C105262A3BEB0045EB64 /* Pebbles.app */,
				C413C11E262A3BED0045EB64 /* PebblesTests.xctest */,
				C413C129262A3BED0045EB64 /* PebblesUITests.xctest */,
			);
			name = Products;
			sourceTree = "<group>";
		};
		C413C107262A3BEB0045EB64 /* Pebbles */ = {
			isa = PBXGroup;
			children = (
				C413C108262A3BEB0045EB64 /* AppDelegate.swift */,
				C413C10A262A3BEB0045EB64 /* SceneDelegate.swift */,
				C4453368262A5F2B0089FDFD /* UICollectionView+Helpers.swift */,
				C413C15A262A3DAF0045EB64 /* Usecases */,
				C413C10E262A3BEB0045EB64 /* Main.storyboard */,
				C413C114262A3BED0045EB64 /* Assets.xcassets */,
				C413C116262A3BED0045EB64 /* LaunchScreen.storyboard */,
				C413C119262A3BED0045EB64 /* Info.plist */,
				C413C111262A3BEB0045EB64 /* Pebbles.xcdatamodeld */,
			);
			path = Pebbles;
			sourceTree = "<group>";
		};
		C413C121262A3BED0045EB64 /* PebblesTests */ = {
			isa = PBXGroup;
			children = (
				C413C122262A3BED0045EB64 /* PebblesTests.swift */,
				C413C124262A3BED0045EB64 /* Info.plist */,
			);
			path = PebblesTests;
			sourceTree = "<group>";
		};
		C413C12C262A3BED0045EB64 /* PebblesUITests */ = {
			isa = PBXGroup;
			children = (
				C413C12D262A3BED0045EB64 /* PebblesUITests.swift */,
				C413C12F262A3BED0045EB64 /* Info.plist */,
			);
			path = PebblesUITests;
			sourceTree = "<group>";
		};
		C413C159262A3DA50045EB64 /* LandingPage */ = {
			isa = PBXGroup;
			children = (
				C413C10C262A3BEB0045EB64 /* LandingPageVC.swift */,
				C413C154262A3D9E0045EB64 /* LandingPageVM.swift */,
				C413C14C262A3D730045EB64 /* LandingPageView.swift */,
				C4453370262AE0800089FDFD /* LPHeaderView.swift */,
			);
			path = LandingPage;
			sourceTree = "<group>";
		};
		C413C15A262A3DAF0045EB64 /* Usecases */ = {
			isa = PBXGroup;
			children = (
				C413C159262A3DA50045EB64 /* LandingPage */,
				C413C167262A4BC50045EB64 /* ReusableComponents */,
			);
			path = Usecases;
			sourceTree = "<group>";
		};
		C413C163262A4BB80045EB64 /* SpacerSectionItem */ = {
			isa = PBXGroup;
			children = (
				C413C15E262A4BB20045EB64 /* SpacerSectionController.swift */,
				C413C168262A4C260045EB64 /* SpacerSectionControllerModel.swift */,
				C413C170262A4C4B0045EB64 /* SpacerSectionCell.swift */,
			);
			path = SpacerSectionItem;
			sourceTree = "<group>";
		};
		C413C167262A4BC50045EB64 /* ReusableComponents */ = {
			isa = PBXGroup;
			children = (
				C413C163262A4BB80045EB64 /* SpacerSectionItem */,
				C445335A262A5E530089FDFD /* ConnectingLineItem */,
			);
			path = ReusableComponents;
			sourceTree = "<group>";
		};
		C445335A262A5E530089FDFD /* ConnectingLineItem */ = {
			isa = PBXGroup;
			children = (
				C4453355262A5E490089FDFD /* ConnectingLineControllerModel.swift */,
				C445335E262A5E610089FDFD /* ConnectingLineController.swift */,
				C4453363262A5E6D0089FDFD /* ConnectingLineCell.swift */,
			);
			path = ConnectingLineItem;
			sourceTree = "<group>";
		};
/* End PBXGroup section */

/* Begin PBXNativeTarget section */
		C413C104262A3BEB0045EB64 /* Pebbles */ = {
			isa = PBXNativeTarget;
			buildConfigurationList = C413C132262A3BED0045EB64 /* Build configuration list for PBXNativeTarget "Pebbles" */;
			buildPhases = (
				A7DC6E513C9E22E7995E07D3 /* [CP] Check Pods Manifest.lock */,
				C413C101262A3BEB0045EB64 /* Sources */,
				C413C102262A3BEB0045EB64 /* Frameworks */,
				C413C103262A3BEB0045EB64 /* Resources */,
				B2462C52F199381478E3D49A /* [CP] Embed Pods Frameworks */,
			);
			buildRules = (
			);
			dependencies = (
			);
			name = Pebbles;
			productName = Pebbles;
			productReference = C413C105262A3BEB0045EB64 /* Pebbles.app */;
			productType = "com.apple.product-type.application";
		};
		C413C11D262A3BED0045EB64 /* PebblesTests */ = {
			isa = PBXNativeTarget;
			buildConfigurationList = C413C135262A3BED0045EB64 /* Build configuration list for PBXNativeTarget "PebblesTests" */;
			buildPhases = (
				5B1F0C9A9A17F1DBD6BB86DA /* [CP] Check Pods Manifest.lock */,
				C413C11A262A3BED0045EB64 /* Sources */,
				C413C11B262A3BED0045EB64 /* Frameworks */,
				C413C11C262A3BED0045EB64 /* Resources */,
			);
			buildRules = (
			);
			dependencies = (
				C413C120262A3BED0045EB64 /* PBXTargetDependency */,
			);
			name = PebblesTests;
			productName = PebblesTests;
			productReference = C413C11E262A3BED0045EB64 /* PebblesTests.xctest */;
			productType = "com.apple.product-type.bundle.unit-test";
		};
		C413C128262A3BED0045EB64 /* PebblesUITests */ = {
			isa = PBXNativeTarget;
			buildConfigurationList = C413C138262A3BED0045EB64 /* Build configuration list for PBXNativeTarget "PebblesUITests" */;
			buildPhases = (
				844DE6EA14C86D64F281BFB6 /* [CP] Check Pods Manifest.lock */,
				C413C125262A3BED0045EB64 /* Sources */,
				C413C126262A3BED0045EB64 /* Frameworks */,
				C413C127262A3BED0045EB64 /* Resources */,
				D91D3916E162A9A9DBDE28D7 /* [CP] Embed Pods Frameworks */,
			);
			buildRules = (
			);
			dependencies = (
				C413C12B262A3BED0045EB64 /* PBXTargetDependency */,
			);
			name = PebblesUITests;
			productName = PebblesUITests;
			productReference = C413C129262A3BED0045EB64 /* PebblesUITests.xctest */;
			productType = "com.apple.product-type.bundle.ui-testing";
		};
/* End PBXNativeTarget section */

/* Begin PBXProject section */
		C413C0FD262A3BEB0045EB64 /* Project object */ = {
			isa = PBXProject;
			attributes = {
				LastSwiftUpdateCheck = 1240;
				LastUpgradeCheck = 1240;
				TargetAttributes = {
					C413C104262A3BEB0045EB64 = {
						CreatedOnToolsVersion = 12.4;
					};
					C413C11D262A3BED0045EB64 = {
						CreatedOnToolsVersion = 12.4;
						TestTargetID = C413C104262A3BEB0045EB64;
					};
					C413C128262A3BED0045EB64 = {
						CreatedOnToolsVersion = 12.4;
						TestTargetID = C413C104262A3BEB0045EB64;
					};
				};
			};
			buildConfigurationList = C413C100262A3BEB0045EB64 /* Build configuration list for PBXProject "Pebbles" */;
			compatibilityVersion = "Xcode 9.3";
			developmentRegion = en;
			hasScannedForEncodings = 0;
			knownRegions = (
				en,
				Base,
			);
			mainGroup = C413C0FC262A3BEB0045EB64;
			productRefGroup = C413C106262A3BEB0045EB64 /* Products */;
			projectDirPath = "";
			projectRoot = "";
			targets = (
				C413C104262A3BEB0045EB64 /* Pebbles */,
				C413C11D262A3BED0045EB64 /* PebblesTests */,
				C413C128262A3BED0045EB64 /* PebblesUITests */,
			);
		};
/* End PBXProject section */

/* Begin PBXResourcesBuildPhase section */
		C413C103262A3BEB0045EB64 /* Resources */ = {
			isa = PBXResourcesBuildPhase;
			buildActionMask = 2147483647;
			files = (
				C413C118262A3BED0045EB64 /* LaunchScreen.storyboard in Resources */,
				C413C115262A3BED0045EB64 /* Assets.xcassets in Resources */,
				C413C110262A3BEB0045EB64 /* Main.storyboard in Resources */,
			);
			runOnlyForDeploymentPostprocessing = 0;
		};
		C413C11C262A3BED0045EB64 /* Resources */ = {
			isa = PBXResourcesBuildPhase;
			buildActionMask = 2147483647;
			files = (
			);
			runOnlyForDeploymentPostprocessing = 0;
		};
		C413C127262A3BED0045EB64 /* Resources */ = {
			isa = PBXResourcesBuildPhase;
			buildActionMask = 2147483647;
			files = (
			);
			runOnlyForDeploymentPostprocessing = 0;
		};
/* End PBXResourcesBuildPhase section */

/* Begin PBXShellScriptBuildPhase section */
		5B1F0C9A9A17F1DBD6BB86DA /* [CP] Check Pods Manifest.lock */ = {
			isa = PBXShellScriptBuildPhase;
			buildActionMask = 2147483647;
			files = (
			);
			inputFileListPaths = (
			);
			inputPaths = (
				"${PODS_PODFILE_DIR_PATH}/Podfile.lock",
				"${PODS_ROOT}/Manifest.lock",
			);
			name = "[CP] Check Pods Manifest.lock";
			outputFileListPaths = (
			);
			outputPaths = (
				"$(DERIVED_FILE_DIR)/Pods-PebblesTests-checkManifestLockResult.txt",
			);
			runOnlyForDeploymentPostprocessing = 0;
			shellPath = /bin/sh;
			shellScript = "diff \"${PODS_PODFILE_DIR_PATH}/Podfile.lock\" \"${PODS_ROOT}/Manifest.lock\" > /dev/null\nif [ $? != 0 ] ; then\n    # print error to STDERR\n    echo \"error: The sandbox is not in sync with the Podfile.lock. Run 'pod install' or update your CocoaPods installation.\" >&2\n    exit 1\nfi\n# This output is used by Xcode 'outputs' to avoid re-running this script phase.\necho \"SUCCESS\" > \"${SCRIPT_OUTPUT_FILE_0}\"\n";
			showEnvVarsInLog = 0;
		};
		844DE6EA14C86D64F281BFB6 /* [CP] Check Pods Manifest.lock */ = {
			isa = PBXShellScriptBuildPhase;
			buildActionMask = 2147483647;
			files = (
			);
			inputFileListPaths = (
			);
			inputPaths = (
				"${PODS_PODFILE_DIR_PATH}/Podfile.lock",
				"${PODS_ROOT}/Manifest.lock",
			);
			name = "[CP] Check Pods Manifest.lock";
			outputFileListPaths = (
			);
			outputPaths = (
				"$(DERIVED_FILE_DIR)/Pods-Pebbles-PebblesUITests-checkManifestLockResult.txt",
			);
			runOnlyForDeploymentPostprocessing = 0;
			shellPath = /bin/sh;
			shellScript = "diff \"${PODS_PODFILE_DIR_PATH}/Podfile.lock\" \"${PODS_ROOT}/Manifest.lock\" > /dev/null\nif [ $? != 0 ] ; then\n    # print error to STDERR\n    echo \"error: The sandbox is not in sync with the Podfile.lock. Run 'pod install' or update your CocoaPods installation.\" >&2\n    exit 1\nfi\n# This output is used by Xcode 'outputs' to avoid re-running this script phase.\necho \"SUCCESS\" > \"${SCRIPT_OUTPUT_FILE_0}\"\n";
			showEnvVarsInLog = 0;
		};
		A7DC6E513C9E22E7995E07D3 /* [CP] Check Pods Manifest.lock */ = {
			isa = PBXShellScriptBuildPhase;
			buildActionMask = 2147483647;
			files = (
			);
			inputFileListPaths = (
			);
			inputPaths = (
				"${PODS_PODFILE_DIR_PATH}/Podfile.lock",
				"${PODS_ROOT}/Manifest.lock",
			);
			name = "[CP] Check Pods Manifest.lock";
			outputFileListPaths = (
			);
			outputPaths = (
				"$(DERIVED_FILE_DIR)/Pods-Pebbles-checkManifestLockResult.txt",
			);
			runOnlyForDeploymentPostprocessing = 0;
			shellPath = /bin/sh;
			shellScript = "diff \"${PODS_PODFILE_DIR_PATH}/Podfile.lock\" \"${PODS_ROOT}/Manifest.lock\" > /dev/null\nif [ $? != 0 ] ; then\n    # print error to STDERR\n    echo \"error: The sandbox is not in sync with the Podfile.lock. Run 'pod install' or update your CocoaPods installation.\" >&2\n    exit 1\nfi\n# This output is used by Xcode 'outputs' to avoid re-running this script phase.\necho \"SUCCESS\" > \"${SCRIPT_OUTPUT_FILE_0}\"\n";
			showEnvVarsInLog = 0;
		};
		B2462C52F199381478E3D49A /* [CP] Embed Pods Frameworks */ = {
			isa = PBXShellScriptBuildPhase;
			buildActionMask = 2147483647;
			files = (
			);
			inputFileListPaths = (
				"${PODS_ROOT}/Target Support Files/Pods-Pebbles/Pods-Pebbles-frameworks-${CONFIGURATION}-input-files.xcfilelist",
			);
			name = "[CP] Embed Pods Frameworks";
			outputFileListPaths = (
				"${PODS_ROOT}/Target Support Files/Pods-Pebbles/Pods-Pebbles-frameworks-${CONFIGURATION}-output-files.xcfilelist",
			);
			runOnlyForDeploymentPostprocessing = 0;
			shellPath = /bin/sh;
			shellScript = "\"${PODS_ROOT}/Target Support Files/Pods-Pebbles/Pods-Pebbles-frameworks.sh\"\n";
			showEnvVarsInLog = 0;
		};
		D91D3916E162A9A9DBDE28D7 /* [CP] Embed Pods Frameworks */ = {
			isa = PBXShellScriptBuildPhase;
			buildActionMask = 2147483647;
			files = (
			);
			inputFileListPaths = (
				"${PODS_ROOT}/Target Support Files/Pods-Pebbles-PebblesUITests/Pods-Pebbles-PebblesUITests-frameworks-${CONFIGURATION}-input-files.xcfilelist",
			);
			name = "[CP] Embed Pods Frameworks";
			outputFileListPaths = (
				"${PODS_ROOT}/Target Support Files/Pods-Pebbles-PebblesUITests/Pods-Pebbles-PebblesUITests-frameworks-${CONFIGURATION}-output-files.xcfilelist",
			);
			runOnlyForDeploymentPostprocessing = 0;
			shellPath = /bin/sh;
			shellScript = "\"${PODS_ROOT}/Target Support Files/Pods-Pebbles-PebblesUITests/Pods-Pebbles-PebblesUITests-frameworks.sh\"\n";
			showEnvVarsInLog = 0;
		};
/* End PBXShellScriptBuildPhase section */

/* Begin PBXSourcesBuildPhase section */
		C413C101262A3BEB0045EB64 /* Sources */ = {
			isa = PBXSourcesBuildPhase;
			buildActionMask = 2147483647;
			files = (
				C413C10D262A3BEB0045EB64 /* LandingPageVC.swift in Sources */,
				C413C169262A4C260045EB64 /* SpacerSectionControllerModel.swift in Sources */,
				C4453369262A5F2B0089FDFD /* UICollectionView+Helpers.swift in Sources */,
				C4453371262AE0800089FDFD /* LPHeaderView.swift in Sources */,
				C413C113262A3BEB0045EB64 /* Pebbles.xcdatamodeld in Sources */,
				C4453364262A5E6D0089FDFD /* ConnectingLineCell.swift in Sources */,
				C4453356262A5E490089FDFD /* ConnectingLineControllerModel.swift in Sources */,
				C445335F262A5E610089FDFD /* ConnectingLineController.swift in Sources */,
				C413C14D262A3D730045EB64 /* LandingPageView.swift in Sources */,
				C413C109262A3BEB0045EB64 /* AppDelegate.swift in Sources */,
				C413C15F262A4BB20045EB64 /* SpacerSectionController.swift in Sources */,
				C413C10B262A3BEB0045EB64 /* SceneDelegate.swift in Sources */,
				C413C155262A3D9E0045EB64 /* LandingPageVM.swift in Sources */,
				C413C171262A4C4B0045EB64 /* SpacerSectionCell.swift in Sources */,
			);
			runOnlyForDeploymentPostprocessing = 0;
		};
		C413C11A262A3BED0045EB64 /* Sources */ = {
			isa = PBXSourcesBuildPhase;
			buildActionMask = 2147483647;
			files = (
				C413C123262A3BED0045EB64 /* PebblesTests.swift in Sources */,
			);
			runOnlyForDeploymentPostprocessing = 0;
		};
		C413C125262A3BED0045EB64 /* Sources */ = {
			isa = PBXSourcesBuildPhase;
			buildActionMask = 2147483647;
			files = (
				C413C12E262A3BED0045EB64 /* PebblesUITests.swift in Sources */,
			);
			runOnlyForDeploymentPostprocessing = 0;
		};
/* End PBXSourcesBuildPhase section */

/* Begin PBXTargetDependency section */
		C413C120262A3BED0045EB64 /* PBXTargetDependency */ = {
			isa = PBXTargetDependency;
			target = C413C104262A3BEB0045EB64 /* Pebbles */;
			targetProxy = C413C11F262A3BED0045EB64 /* PBXContainerItemProxy */;
		};
		C413C12B262A3BED0045EB64 /* PBXTargetDependency */ = {
			isa = PBXTargetDependency;
			target = C413C104262A3BEB0045EB64 /* Pebbles */;
			targetProxy = C413C12A262A3BED0045EB64 /* PBXContainerItemProxy */;
		};
/* End PBXTargetDependency section */

/* Begin PBXVariantGroup section */
		C413C10E262A3BEB0045EB64 /* Main.storyboard */ = {
			isa = PBXVariantGroup;
			children = (
				C413C10F262A3BEB0045EB64 /* Base */,
			);
			name = Main.storyboard;
			sourceTree = "<group>";
		};
		C413C116262A3BED0045EB64 /* LaunchScreen.storyboard */ = {
			isa = PBXVariantGroup;
			children = (
				C413C117262A3BED0045EB64 /* Base */,
			);
			name = LaunchScreen.storyboard;
			sourceTree = "<group>";
		};
/* End PBXVariantGroup section */

/* Begin XCBuildConfiguration section */
		C413C130262A3BED0045EB64 /* Debug */ = {
			isa = XCBuildConfiguration;
			buildSettings = {
				ALWAYS_SEARCH_USER_PATHS = NO;
				CLANG_ANALYZER_NONNULL = YES;
				CLANG_ANALYZER_NUMBER_OBJECT_CONVERSION = YES_AGGRESSIVE;
				CLANG_CXX_LANGUAGE_STANDARD = "gnu++14";
				CLANG_CXX_LIBRARY = "libc++";
				CLANG_ENABLE_MODULES = YES;
				CLANG_ENABLE_OBJC_ARC = YES;
				CLANG_ENABLE_OBJC_WEAK = YES;
				CLANG_WARN_BLOCK_CAPTURE_AUTORELEASING = YES;
				CLANG_WARN_BOOL_CONVERSION = YES;
				CLANG_WARN_COMMA = YES;
				CLANG_WARN_CONSTANT_CONVERSION = YES;
				CLANG_WARN_DEPRECATED_OBJC_IMPLEMENTATIONS = YES;
				CLANG_WARN_DIRECT_OBJC_ISA_USAGE = YES_ERROR;
				CLANG_WARN_DOCUMENTATION_COMMENTS = YES;
				CLANG_WARN_EMPTY_BODY = YES;
				CLANG_WARN_ENUM_CONVERSION = YES;
				CLANG_WARN_INFINITE_RECURSION = YES;
				CLANG_WARN_INT_CONVERSION = YES;
				CLANG_WARN_NON_LITERAL_NULL_CONVERSION = YES;
				CLANG_WARN_OBJC_IMPLICIT_RETAIN_SELF = YES;
				CLANG_WARN_OBJC_LITERAL_CONVERSION = YES;
				CLANG_WARN_OBJC_ROOT_CLASS = YES_ERROR;
				CLANG_WARN_QUOTED_INCLUDE_IN_FRAMEWORK_HEADER = YES;
				CLANG_WARN_RANGE_LOOP_ANALYSIS = YES;
				CLANG_WARN_STRICT_PROTOTYPES = YES;
				CLANG_WARN_SUSPICIOUS_MOVE = YES;
				CLANG_WARN_UNGUARDED_AVAILABILITY = YES_AGGRESSIVE;
				CLANG_WARN_UNREACHABLE_CODE = YES;
				CLANG_WARN__DUPLICATE_METHOD_MATCH = YES;
				COPY_PHASE_STRIP = NO;
				DEBUG_INFORMATION_FORMAT = dwarf;
				ENABLE_STRICT_OBJC_MSGSEND = YES;
				ENABLE_TESTABILITY = YES;
				GCC_C_LANGUAGE_STANDARD = gnu11;
				GCC_DYNAMIC_NO_PIC = NO;
				GCC_NO_COMMON_BLOCKS = YES;
				GCC_OPTIMIZATION_LEVEL = 0;
				GCC_PREPROCESSOR_DEFINITIONS = (
					"DEBUG=1",
					"$(inherited)",
				);
				GCC_WARN_64_TO_32_BIT_CONVERSION = YES;
				GCC_WARN_ABOUT_RETURN_TYPE = YES_ERROR;
				GCC_WARN_UNDECLARED_SELECTOR = YES;
				GCC_WARN_UNINITIALIZED_AUTOS = YES_AGGRESSIVE;
				GCC_WARN_UNUSED_FUNCTION = YES;
				GCC_WARN_UNUSED_VARIABLE = YES;
				IPHONEOS_DEPLOYMENT_TARGET = 12.3;
				MTL_ENABLE_DEBUG_INFO = INCLUDE_SOURCE;
				MTL_FAST_MATH = YES;
				ONLY_ACTIVE_ARCH = YES;
				SDKROOT = iphoneos;
				SWIFT_ACTIVE_COMPILATION_CONDITIONS = DEBUG;
				SWIFT_OPTIMIZATION_LEVEL = "-Onone";
			};
			name = Debug;
		};
		C413C131262A3BED0045EB64 /* Release */ = {
			isa = XCBuildConfiguration;
			buildSettings = {
				ALWAYS_SEARCH_USER_PATHS = NO;
				CLANG_ANALYZER_NONNULL = YES;
				CLANG_ANALYZER_NUMBER_OBJECT_CONVERSION = YES_AGGRESSIVE;
				CLANG_CXX_LANGUAGE_STANDARD = "gnu++14";
				CLANG_CXX_LIBRARY = "libc++";
				CLANG_ENABLE_MODULES = YES;
				CLANG_ENABLE_OBJC_ARC = YES;
				CLANG_ENABLE_OBJC_WEAK = YES;
				CLANG_WARN_BLOCK_CAPTURE_AUTORELEASING = YES;
				CLANG_WARN_BOOL_CONVERSION = YES;
				CLANG_WARN_COMMA = YES;
				CLANG_WARN_CONSTANT_CONVERSION = YES;
				CLANG_WARN_DEPRECATED_OBJC_IMPLEMENTATIONS = YES;
				CLANG_WARN_DIRECT_OBJC_ISA_USAGE = YES_ERROR;
				CLANG_WARN_DOCUMENTATION_COMMENTS = YES;
				CLANG_WARN_EMPTY_BODY = YES;
				CLANG_WARN_ENUM_CONVERSION = YES;
				CLANG_WARN_INFINITE_RECURSION = YES;
				CLANG_WARN_INT_CONVERSION = YES;
				CLANG_WARN_NON_LITERAL_NULL_CONVERSION = YES;
				CLANG_WARN_OBJC_IMPLICIT_RETAIN_SELF = YES;
				CLANG_WARN_OBJC_LITERAL_CONVERSION = YES;
				CLANG_WARN_OBJC_ROOT_CLASS = YES_ERROR;
				CLANG_WARN_QUOTED_INCLUDE_IN_FRAMEWORK_HEADER = YES;
				CLANG_WARN_RANGE_LOOP_ANALYSIS = YES;
				CLANG_WARN_STRICT_PROTOTYPES = YES;
				CLANG_WARN_SUSPICIOUS_MOVE = YES;
				CLANG_WARN_UNGUARDED_AVAILABILITY = YES_AGGRESSIVE;
				CLANG_WARN_UNREACHABLE_CODE = YES;
				CLANG_WARN__DUPLICATE_METHOD_MATCH = YES;
				COPY_PHASE_STRIP = NO;
				DEBUG_INFORMATION_FORMAT = "dwarf-with-dsym";
				ENABLE_NS_ASSERTIONS = NO;
				ENABLE_STRICT_OBJC_MSGSEND = YES;
				GCC_C_LANGUAGE_STANDARD = gnu11;
				GCC_NO_COMMON_BLOCKS = YES;
				GCC_WARN_64_TO_32_BIT_CONVERSION = YES;
				GCC_WARN_ABOUT_RETURN_TYPE = YES_ERROR;
				GCC_WARN_UNDECLARED_SELECTOR = YES;
				GCC_WARN_UNINITIALIZED_AUTOS = YES_AGGRESSIVE;
				GCC_WARN_UNUSED_FUNCTION = YES;
				GCC_WARN_UNUSED_VARIABLE = YES;
				IPHONEOS_DEPLOYMENT_TARGET = 12.3;
				MTL_ENABLE_DEBUG_INFO = NO;
				MTL_FAST_MATH = YES;
				SDKROOT = iphoneos;
				SWIFT_COMPILATION_MODE = wholemodule;
				SWIFT_OPTIMIZATION_LEVEL = "-O";
				VALIDATE_PRODUCT = YES;
			};
			name = Release;
		};
		C413C133262A3BED0045EB64 /* Debug */ = {
			isa = XCBuildConfiguration;
			baseConfigurationReference = B497A7C57D7CCF61938999C7 /* Pods-Pebbles.debug.xcconfig */;
			buildSettings = {
				ASSETCATALOG_COMPILER_APPICON_NAME = AppIcon;
				ASSETCATALOG_COMPILER_GLOBAL_ACCENT_COLOR_NAME = AccentColor;
				CODE_SIGN_STYLE = Automatic;
				DEVELOPMENT_TEAM = H39V5K2H38;
				INFOPLIST_FILE = Pebbles/Info.plist;
				LD_RUNPATH_SEARCH_PATHS = (
					"$(inherited)",
					"@executable_path/Frameworks",
				);
				PRODUCT_BUNDLE_IDENTIFIER = com.RaulSulaimanov.Pebbles;
				PRODUCT_NAME = "$(TARGET_NAME)";
				SWIFT_VERSION = 5.0;
				TARGETED_DEVICE_FAMILY = "1,2";
			};
			name = Debug;
		};
		C413C134262A3BED0045EB64 /* Release */ = {
			isa = XCBuildConfiguration;
			baseConfigurationReference = 8F24976511D64C39DFBE410B /* Pods-Pebbles.release.xcconfig */;
			buildSettings = {
				ASSETCATALOG_COMPILER_APPICON_NAME = AppIcon;
				ASSETCATALOG_COMPILER_GLOBAL_ACCENT_COLOR_NAME = AccentColor;
				CODE_SIGN_STYLE = Automatic;
				DEVELOPMENT_TEAM = H39V5K2H38;
				INFOPLIST_FILE = Pebbles/Info.plist;
				LD_RUNPATH_SEARCH_PATHS = (
					"$(inherited)",
					"@executable_path/Frameworks",
				);
				PRODUCT_BUNDLE_IDENTIFIER = com.RaulSulaimanov.Pebbles;
				PRODUCT_NAME = "$(TARGET_NAME)";
				SWIFT_VERSION = 5.0;
				TARGETED_DEVICE_FAMILY = "1,2";
			};
			name = Release;
		};
		C413C136262A3BED0045EB64 /* Debug */ = {
			isa = XCBuildConfiguration;
			baseConfigurationReference = 46A6760F4505DD98D81B4C65 /* Pods-PebblesTests.debug.xcconfig */;
			buildSettings = {
				ALWAYS_EMBED_SWIFT_STANDARD_LIBRARIES = YES;
				BUNDLE_LOADER = "$(TEST_HOST)";
				CODE_SIGN_STYLE = Automatic;
				DEVELOPMENT_TEAM = H39V5K2H38;
				INFOPLIST_FILE = PebblesTests/Info.plist;
				IPHONEOS_DEPLOYMENT_TARGET = 14.4;
				LD_RUNPATH_SEARCH_PATHS = (
					"$(inherited)",
					"@executable_path/Frameworks",
					"@loader_path/Frameworks",
				);
				PRODUCT_BUNDLE_IDENTIFIER = com.RaulSulaimanov.PebblesTests;
				PRODUCT_NAME = "$(TARGET_NAME)";
				SWIFT_VERSION = 5.0;
				TARGETED_DEVICE_FAMILY = "1,2";
				TEST_HOST = "$(BUILT_PRODUCTS_DIR)/Pebbles.app/Pebbles";
			};
			name = Debug;
		};
		C413C137262A3BED0045EB64 /* Release */ = {
			isa = XCBuildConfiguration;
			baseConfigurationReference = 8B083D6EA0B7F479443599E9 /* Pods-PebblesTests.release.xcconfig */;
			buildSettings = {
				ALWAYS_EMBED_SWIFT_STANDARD_LIBRARIES = YES;
				BUNDLE_LOADER = "$(TEST_HOST)";
				CODE_SIGN_STYLE = Automatic;
				DEVELOPMENT_TEAM = H39V5K2H38;
				INFOPLIST_FILE = PebblesTests/Info.plist;
				IPHONEOS_DEPLOYMENT_TARGET = 14.4;
				LD_RUNPATH_SEARCH_PATHS = (
					"$(inherited)",
					"@executable_path/Frameworks",
					"@loader_path/Frameworks",
				);
				PRODUCT_BUNDLE_IDENTIFIER = com.RaulSulaimanov.PebblesTests;
				PRODUCT_NAME = "$(TARGET_NAME)";
				SWIFT_VERSION = 5.0;
				TARGETED_DEVICE_FAMILY = "1,2";
				TEST_HOST = "$(BUILT_PRODUCTS_DIR)/Pebbles.app/Pebbles";
			};
			name = Release;
		};
		C413C139262A3BED0045EB64 /* Debug */ = {
			isa = XCBuildConfiguration;
			baseConfigurationReference = 1D449B1102BDB5A3AE8288F3 /* Pods-Pebbles-PebblesUITests.debug.xcconfig */;
			buildSettings = {
				ALWAYS_EMBED_SWIFT_STANDARD_LIBRARIES = YES;
				CODE_SIGN_STYLE = Automatic;
				DEVELOPMENT_TEAM = H39V5K2H38;
				INFOPLIST_FILE = PebblesUITests/Info.plist;
				LD_RUNPATH_SEARCH_PATHS = (
					"$(inherited)",
					"@executable_path/Frameworks",
					"@loader_path/Frameworks",
				);
				PRODUCT_BUNDLE_IDENTIFIER = com.RaulSulaimanov.PebblesUITests;
				PRODUCT_NAME = "$(TARGET_NAME)";
				SWIFT_VERSION = 5.0;
				TARGETED_DEVICE_FAMILY = "1,2";
				TEST_TARGET_NAME = Pebbles;
			};
			name = Debug;
		};
		C413C13A262A3BED0045EB64 /* Release */ = {
			isa = XCBuildConfiguration;
			baseConfigurationReference = 0DF139D8EC0A06CF5BC0C9BF /* Pods-Pebbles-PebblesUITests.release.xcconfig */;
			buildSettings = {
				ALWAYS_EMBED_SWIFT_STANDARD_LIBRARIES = YES;
				CODE_SIGN_STYLE = Automatic;
				DEVELOPMENT_TEAM = H39V5K2H38;
				INFOPLIST_FILE = PebblesUITests/Info.plist;
				LD_RUNPATH_SEARCH_PATHS = (
					"$(inherited)",
					"@executable_path/Frameworks",
					"@loader_path/Frameworks",
				);
				PRODUCT_BUNDLE_IDENTIFIER = com.RaulSulaimanov.PebblesUITests;
				PRODUCT_NAME = "$(TARGET_NAME)";
				SWIFT_VERSION = 5.0;
				TARGETED_DEVICE_FAMILY = "1,2";
				TEST_TARGET_NAME = Pebbles;
			};
			name = Release;
		};
/* End XCBuildConfiguration section */

/* Begin XCConfigurationList section */
		C413C100262A3BEB0045EB64 /* Build configuration list for PBXProject "Pebbles" */ = {
			isa = XCConfigurationList;
			buildConfigurations = (
				C413C130262A3BED0045EB64 /* Debug */,
				C413C131262A3BED0045EB64 /* Release */,
			);
			defaultConfigurationIsVisible = 0;
			defaultConfigurationName = Release;
		};
		C413C132262A3BED0045EB64 /* Build configuration list for PBXNativeTarget "Pebbles" */ = {
			isa = XCConfigurationList;
			buildConfigurations = (
				C413C133262A3BED0045EB64 /* Debug */,
				C413C134262A3BED0045EB64 /* Release */,
			);
			defaultConfigurationIsVisible = 0;
			defaultConfigurationName = Release;
		};
		C413C135262A3BED0045EB64 /* Build configuration list for PBXNativeTarget "PebblesTests" */ = {
			isa = XCConfigurationList;
			buildConfigurations = (
				C413C136262A3BED0045EB64 /* Debug */,
				C413C137262A3BED0045EB64 /* Release */,
			);
			defaultConfigurationIsVisible = 0;
			defaultConfigurationName = Release;
		};
		C413C138262A3BED0045EB64 /* Build configuration list for PBXNativeTarget "PebblesUITests" */ = {
			isa = XCConfigurationList;
			buildConfigurations = (
				C413C139262A3BED0045EB64 /* Debug */,
				C413C13A262A3BED0045EB64 /* Release */,
			);
			defaultConfigurationIsVisible = 0;
			defaultConfigurationName = Release;
		};
/* End XCConfigurationList section */

/* Begin XCVersionGroup section */
		C413C111262A3BEB0045EB64 /* Pebbles.xcdatamodeld */ = {
			isa = XCVersionGroup;
			children = (
				C413C112262A3BEB0045EB64 /* Pebbles.xcdatamodel */,
			);
			currentVersion = C413C112262A3BEB0045EB64 /* Pebbles.xcdatamodel */;
			path = Pebbles.xcdatamodeld;
			sourceTree = "<group>";
			versionGroupType = wrapper.xcdatamodel;
		};
/* End XCVersionGroup section */
	};
	rootObject = C413C0FD262A3BEB0045EB64 /* Project object */;
}
